
Microsoft Visual Studio Solution File, Format Version 12.00
# Visual Studio Version 17
VisualStudioVersion = 17.13.35931.197 d17.13
MinimumVisualStudioVersion = 10.0.40219.1
Project("{FAE04EC0-301F-11D3-BF4B-00C04F79EFBC}") = "XChangeIt - FinalCheckin", "XChangeIt - FinalCheckin\XChangeIt - FinalCheckin.csproj", "{A2087D27-CBD4-4FFA-BF55-082243B1F427}"
EndProject
Global
	GlobalSection(SolutionConfigurationPlatforms) = preSolution
		Debug|Any CPU = Debug|Any CPU
		Release|Any CPU = Release|Any CPU
	EndGlobalSection
	GlobalSection(ProjectConfigurationPlatforms) = postSolution
		{A2087D27-CBD4-4FFA-BF55-082243B1F427}.Debug|Any CPU.ActiveCfg = Debug|Any CPU
		{A2087D27-CBD4-4FFA-BF55-082243B1F427}.Debug|Any CPU.Build.0 = Debug|Any CPU
		{A2087D27-CBD4-4FFA-BF55-082243B1F427}.Release|Any CPU.ActiveCfg = Release|Any CPU
		{A2087D27-CBD4-4FFA-BF55-082243B1F427}.Release|Any CPU.Build.0 = Release|Any CPU
	EndGlobalSection
	GlobalSection(SolutionProperties) = preSolution
		HideSolutionNode = FALSE
	EndGlobalSection
	GlobalSection(ExtensibilityGlobals) = postSolution
		SolutionGuid = {7374ACFB-3C89-4F72-948E-AA3B319AE3B3}
	EndGlobalSection
EndGlobal
